github.com/cavaliergopher/rpm v1.2.0 h1:s0h+QeVK252QFTolkhGiMeQ1f+tMeIMhGl8B1HUmGUc=
github.com/cavaliergopher/rpm v1.2.0/go.mod h1:R0q3vTqa7RUvPofAZYrnjJ63hh2vngjFfphuXiExVos=
golang.org/x/crypto v0.0.0-20210921155107-089bfa567519 h1:7I4JAnoQBe7ZtJcBaYHi5UtiO8tQHbUSXxL+pnGRANg=
golang.org/x/crypto v0.0.0-20210921155107-089bfa567519/go.mod h1:GvvjBRRGRdwPK5ydBHafDWAxML/pGHZbMvKqRZ5+Abc=
